// !$*UTF8*$!
{
	archiveVersion = 1;
	classes = {
	};
	objectVersion = 46;
	objects = {

/* Begin PBXBuildFile section */
		032ABB8A1E35A9F200A3A5D4 /* Assets.xcassets in Resources */ = {isa = PBXBuildFile; fileRef = 032ABB7B1E35A9F200A3A5D4 /* Assets.xcassets */; };
		032ABB8B1E35A9F200A3A5D4 /* LaunchScreen.storyboard in Resources */ = {isa = PBXBuildFile; fileRef = 032ABB7C1E35A9F200A3A5D4 /* LaunchScreen.storyboard */; };
		032ABB8C1E35A9F200A3A5D4 /* AppDelegate.swift in Sources */ = {isa = PBXBuildFile; fileRef = 032ABB7F1E35A9F200A3A5D4 /* AppDelegate.swift */; };
		032ABB8D1E35A9F200A3A5D4 /* Message.swift in Sources */ = {isa = PBXBuildFile; fileRef = 032ABB811E35A9F200A3A5D4 /* Message.swift */; };
		032ABB8E1E35A9F200A3A5D4 /* User.swift in Sources */ = {isa = PBXBuildFile; fileRef = 032ABB821E35A9F200A3A5D4 /* User.swift */; };
		032ABB8F1E35A9F200A3A5D4 /* MessageListViewController.swift in Sources */ = {isa = PBXBuildFile; fileRef = 032ABB841E35A9F200A3A5D4 /* MessageListViewController.swift */; };
		032ABB901E35A9F200A3A5D4 /* MessageCell.swift in Sources */ = {isa = PBXBuildFile; fileRef = 032ABB861E35A9F200A3A5D4 /* MessageCell.swift */; };
		032ABB911E35A9F200A3A5D4 /* MessageInputBar.swift in Sources */ = {isa = PBXBuildFile; fileRef = 032ABB871E35A9F200A3A5D4 /* MessageInputBar.swift */; };
		B2F98E4D127A1E3F5A712D85 /* Pods_RxKeyboardExample.framework in Frameworks */ = {isa = PBXBuildFile; fileRef = 7DB8FDC47FB67FE136E7357D /* Pods_RxKeyboardExample.framework */; };
/* End PBXBuildFile section */

/* Begin PBXFileReference section */
		032ABB7B1E35A9F200A3A5D4 /* Assets.xcassets */ = {isa = PBXFileReference; lastKnownFileType = folder.assetcatalog; path = Assets.xcassets; sourceTree = "<group>"; };
		032ABB7D1E35A9F200A3A5D4 /* Base */ = {isa = PBXFileReference; lastKnownFileType = file.storyboard; name = Base; path = Base.lproj/LaunchScreen.storyboard; sourceTree = "<group>"; };
		032ABB7F1E35A9F200A3A5D4 /* AppDelegate.swift */ = {isa = PBXFileReference; fileEncoding = 4; lastKnownFileType = sourcecode.swift; path = AppDelegate.swift; sourceTree = "<group>"; };
		032ABB811E35A9F200A3A5D4 /* Message.swift */ = {isa = PBXFileReference; fileEncoding = 4; lastKnownFileType = sourcecode.swift; path = Message.swift; sourceTree = "<group>"; };
		032ABB821E35A9F200A3A5D4 /* User.swift */ = {isa = PBXFileReference; fileEncoding = 4; lastKnownFileType = sourcecode.swift; path = User.swift; sourceTree = "<group>"; };
		032ABB841E35A9F200A3A5D4 /* MessageListViewController.swift */ = {isa = PBXFileReference; fileEncoding = 4; lastKnownFileType = sourcecode.swift; path = MessageListViewController.swift; sourceTree = "<group>"; };
		032ABB861E35A9F200A3A5D4 /* MessageCell.swift */ = {isa = PBXFileReference; fileEncoding = 4; lastKnownFileType = sourcecode.swift; path = MessageCell.swift; sourceTree = "<group>"; };
		032ABB871E35A9F200A3A5D4 /* MessageInputBar.swift */ = {isa = PBXFileReference; fileEncoding = 4; lastKnownFileType = sourcecode.swift; path = MessageInputBar.swift; sourceTree = "<group>"; };
		032ABB891E35A9F200A3A5D4 /* Info.plist */ = {isa = PBXFileReference; fileEncoding = 4; lastKnownFileType = text.plist.xml; path = Info.plist; sourceTree = "<group>"; };
		03E8A71E1E35A95B00F7A3EC /* RxKeyboardRxKeyboardExample.app */ = {isa = PBXFileReference; explicitFileType = wrapper.application; includeInIndex = 0; path = RxKeyboardRxKeyboardExample.app; sourceTree = BUILT_PRODUCTS_DIR; };
		7DB8FDC47FB67FE136E7357D /* Pods_RxKeyboardExample.framework */ = {isa = PBXFileReference; explicitFileType = wrapper.framework; includeInIndex = 0; path = Pods_RxKeyboardExample.framework; sourceTree = BUILT_PRODUCTS_DIR; };
		C2DC646E6858079F25D2BFF4 /* Pods-RxKeyboardExample.release.xcconfig */ = {isa = PBXFileReference; includeInIndex = 1; lastKnownFileType = text.xcconfig; name = "Pods-RxKeyboardExample.release.xcconfig"; path = "Pods/Target Support Files/Pods-RxKeyboardExample/Pods-RxKeyboardExample.release.xcconfig"; sourceTree = "<group>"; };
		FF066ACB76646CE5837B517B /* Pods-RxKeyboardExample.debug.xcconfig */ = {isa = PBXFileReference; includeInIndex = 1; lastKnownFileType = text.xcconfig; name = "Pods-RxKeyboardExample.debug.xcconfig"; path = "Pods/Target Support Files/Pods-RxKeyboardExample/Pods-RxKeyboardExample.debug.xcconfig"; sourceTree = "<group>"; };
/* End PBXFileReference section */

/* Begin PBXFrameworksBuildPhase section */
		03E8A71B1E35A95B00F7A3EC /* Frameworks */ = {
			isa = PBXFrameworksBuildPhase;
			buildActionMask = 2147483647;
			files = (
				B2F98E4D127A1E3F5A712D85 /* Pods_RxKeyboardExample.framework in Frameworks */,
			);
			runOnlyForDeploymentPostprocessing = 0;
		};
/* End PBXFrameworksBuildPhase section */

/* Begin PBXGroup section */
		032ABB7A1E35A9F200A3A5D4 /* Resources */ = {
			isa = PBXGroup;
			children = (
				032ABB7B1E35A9F200A3A5D4 /* Assets.xcassets */,
				032ABB7C1E35A9F200A3A5D4 /* LaunchScreen.storyboard */,
			);
			path = Resources;
			sourceTree = "<group>";
		};
		032ABB7E1E35A9F200A3A5D4 /* Sources */ = {
			isa = PBXGroup;
			children = (
				032ABB7F1E35A9F200A3A5D4 /* AppDelegate.swift */,
				032ABB801E35A9F200A3A5D4 /* Models */,
				032ABB831E35A9F200A3A5D4 /* ViewControllers */,
				032ABB851E35A9F200A3A5D4 /* Views */,
			);
			path = Sources;
			sourceTree = "<group>";
		};
		032ABB801E35A9F200A3A5D4 /* Models */ = {
			isa = PBXGroup;
			children = (
				032ABB811E35A9F200A3A5D4 /* Message.swift */,
				032ABB821E35A9F200A3A5D4 /* User.swift */,
			);
			path = Models;
			sourceTree = "<group>";
		};
		032ABB831E35A9F200A3A5D4 /* ViewControllers */ = {
			isa = PBXGroup;
			children = (
				032ABB841E35A9F200A3A5D4 /* MessageListViewController.swift */,
			);
			path = ViewControllers;
			sourceTree = "<group>";
		};
		032ABB851E35A9F200A3A5D4 /* Views */ = {
			isa = PBXGroup;
			children = (
				032ABB861E35A9F200A3A5D4 /* MessageCell.swift */,
				032ABB871E35A9F200A3A5D4 /* MessageInputBar.swift */,
			);
			path = Views;
			sourceTree = "<group>";
		};
		032ABB881E35A9F200A3A5D4 /* Supporting Files */ = {
			isa = PBXGroup;
			children = (
				032ABB891E35A9F200A3A5D4 /* Info.plist */,
			);
			path = "Supporting Files";
			sourceTree = "<group>";
		};
		03E8A7151E35A95B00F7A3EC = {
			isa = PBXGroup;
			children = (
				032ABB7E1E35A9F200A3A5D4 /* Sources */,
				032ABB881E35A9F200A3A5D4 /* Supporting Files */,
				032ABB7A1E35A9F200A3A5D4 /* Resources */,
				03E8A71F1E35A95B00F7A3EC /* Products */,
				A5BB4D314040F3C02A825487 /* Pods */,
				88C32DB01AFB62C918A6B8F0 /* Frameworks */,
			);
			sourceTree = "<group>";
		};
		03E8A71F1E35A95B00F7A3EC /* Products */ = {
			isa = PBXGroup;
			children = (
				03E8A71E1E35A95B00F7A3EC /* RxKeyboardRxKeyboardExample.app */,
			);
			name = Products;
			sourceTree = "<group>";
		};
		88C32DB01AFB62C918A6B8F0 /* Frameworks */ = {
			isa = PBXGroup;
			children = (
				7DB8FDC47FB67FE136E7357D /* Pods_RxKeyboardExample.framework */,
			);
			name = Frameworks;
			sourceTree = "<group>";
		};
		A5BB4D314040F3C02A825487 /* Pods */ = {
			isa = PBXGroup;
			children = (
				FF066ACB76646CE5837B517B /* Pods-RxKeyboardExample.debug.xcconfig */,
				C2DC646E6858079F25D2BFF4 /* Pods-RxKeyboardExample.release.xcconfig */,
			);
			name = Pods;
			sourceTree = "<group>";
		};
/* End PBXGroup section */

/* Begin PBXNativeTarget section */
		03E8A71D1E35A95B00F7A3EC /* RxKeyboardExample */ = {
			isa = PBXNativeTarget;
			buildConfigurationList = 03E8A7301E35A95B00F7A3EC /* Build configuration list for PBXNativeTarget "RxKeyboardExample" */;
			buildPhases = (
				D103E37D22DD7DDCE369FBBB /* [CP] Check Pods Manifest.lock */,
				03E8A71A1E35A95B00F7A3EC /* Sources */,
				03E8A71B1E35A95B00F7A3EC /* Frameworks */,
				03E8A71C1E35A95B00F7A3EC /* Resources */,
				E857CEA8F03D723AC93BD7A1 /* [CP] Embed Pods Frameworks */,
				02296B7E592B2B46A5A8C875 /* [CP] Copy Pods Resources */,
			);
			buildRules = (
			);
			dependencies = (
			);
			name = RxKeyboardExample;
			productName = Example;
			productReference = 03E8A71E1E35A95B00F7A3EC /* RxKeyboardRxKeyboardExample.app */;
			productType = "com.apple.product-type.application";
		};
/* End PBXNativeTarget section */

/* Begin PBXProject section */
		03E8A7161E35A95B00F7A3EC /* Project object */ = {
			isa = PBXProject;
			attributes = {
				LastSwiftUpdateCheck = 0820;
				LastUpgradeCheck = 0900;
				ORGANIZATIONNAME = "Suyeol Jeon";
				TargetAttributes = {
					03E8A71D1E35A95B00F7A3EC = {
						CreatedOnToolsVersion = 8.2.1;
						ProvisioningStyle = Automatic;
					};
				};
			};
			buildConfigurationList = 03E8A7191E35A95B00F7A3EC /* Build configuration list for PBXProject "RxKeyboardExample" */;
			compatibilityVersion = "Xcode 3.2";
			developmentRegion = English;
			hasScannedForEncodings = 0;
			knownRegions = (
				en,
				Base,
			);
			mainGroup = 03E8A7151E35A95B00F7A3EC;
			productRefGroup = 03E8A71F1E35A95B00F7A3EC /* Products */;
			projectDirPath = "";
			projectRoot = "";
			targets = (
				03E8A71D1E35A95B00F7A3EC /* RxKeyboardExample */,
			);
		};
/* End PBXProject section */

/* Begin PBXResourcesBuildPhase section */
		03E8A71C1E35A95B00F7A3EC /* Resources */ = {
			isa = PBXResourcesBuildPhase;
			buildActionMask = 2147483647;
			files = (
				032ABB8A1E35A9F200A3A5D4 /* Assets.xcassets in Resources */,
				032ABB8B1E35A9F200A3A5D4 /* LaunchScreen.storyboard in Resources */,
			);
			runOnlyForDeploymentPostprocessing = 0;
		};
/* End PBXResourcesBuildPhase section */

/* Begin PBXShellScriptBuildPhase section */
		02296B7E592B2B46A5A8C875 /* [CP] Copy Pods Resources */ = {
			isa = PBXShellScriptBuildPhase;
			buildActionMask = 2147483647;
			files = (
			);
			inputPaths = (
			);
			name = "[CP] Copy Pods Resources";
			outputPaths = (
			);
			runOnlyForDeploymentPostprocessing = 0;
			shellPath = /bin/sh;
			shellScript = "\"${SRCROOT}/Pods/Target Support Files/Pods-RxKeyboardExample/Pods-RxKeyboardExample-resources.sh\"\n";
			showEnvVarsInLog = 0;
		};
		D103E37D22DD7DDCE369FBBB /* [CP] Check Pods Manifest.lock */ = {
			isa = PBXShellScriptBuildPhase;
			buildActionMask = 2147483647;
			files = (
			);
			inputPaths = (
				"${PODS_PODFILE_DIR_PATH}/Podfile.lock",
				"${PODS_ROOT}/Manifest.lock",
			);
			name = "[CP] Check Pods Manifest.lock";
			outputPaths = (
				"$(DERIVED_FILE_DIR)/Pods-RxKeyboardExample-checkManifestLockResult.txt",
			);
			runOnlyForDeploymentPostprocessing = 0;
			shellPath = /bin/sh;
			shellScript = "diff \"${PODS_PODFILE_DIR_PATH}/Podfile.lock\" \"${PODS_ROOT}/Manifest.lock\" > /dev/null\nif [ $? != 0 ] ; then\n    # print error to STDERR\n    echo \"error: The sandbox is not in sync with the Podfile.lock. Run 'pod install' or update your CocoaPods installation.\" >&2\n    exit 1\nfi\n# This output is used by Xcode 'outputs' to avoid re-running this script phase.\necho \"SUCCESS\" > \"${SCRIPT_OUTPUT_FILE_0}\"\n";
			showEnvVarsInLog = 0;
		};
		E857CEA8F03D723AC93BD7A1 /* [CP] Embed Pods Frameworks */ = {
			isa = PBXShellScriptBuildPhase;
			buildActionMask = 2147483647;
			files = (
			);
			inputPaths = (
				"${SRCROOT}/Pods/Target Support Files/Pods-RxKeyboardExample/Pods-RxKeyboardExample-frameworks.sh",
				"${BUILT_PRODUCTS_DIR}/CGFloatLiteral/CGFloatLiteral.framework",
				"${BUILT_PRODUCTS_DIR}/ManualLayout/ManualLayout.framework",
				"${BUILT_PRODUCTS_DIR}/ReusableKit/ReusableKit.framework",
				"${BUILT_PRODUCTS_DIR}/RxCocoa/RxCocoa.framework",
				"${BUILT_PRODUCTS_DIR}/RxKeyboard/RxKeyboard.framework",
				"${BUILT_PRODUCTS_DIR}/RxSwift/RxSwift.framework",
				"${BUILT_PRODUCTS_DIR}/SnapKit/SnapKit.framework",
				"${BUILT_PRODUCTS_DIR}/SwiftyColor/SwiftyColor.framework",
				"${BUILT_PRODUCTS_DIR}/SwiftyImage/SwiftyImage.framework",
				"${BUILT_PRODUCTS_DIR}/Then/Then.framework",
				"${BUILT_PRODUCTS_DIR}/UITextView+Placeholder/UITextView_Placeholder.framework",
			);
			name = "[CP] Embed Pods Frameworks";
			outputPaths = (
				"${TARGET_BUILD_DIR}/${FRAMEWORKS_FOLDER_PATH}/CGFloatLiteral.framework",
				"${TARGET_BUILD_DIR}/${FRAMEWORKS_FOLDER_PATH}/ManualLayout.framework",
				"${TARGET_BUILD_DIR}/${FRAMEWORKS_FOLDER_PATH}/ReusableKit.framework",
				"${TARGET_BUILD_DIR}/${FRAMEWORKS_FOLDER_PATH}/RxCocoa.framework",
				"${TARGET_BUILD_DIR}/${FRAMEWORKS_FOLDER_PATH}/RxKeyboard.framework",
				"${TARGET_BUILD_DIR}/${FRAMEWORKS_FOLDER_PATH}/RxSwift.framework",
				"${TARGET_BUILD_DIR}/${FRAMEWORKS_FOLDER_PATH}/SnapKit.framework",
				"${TARGET_BUILD_DIR}/${FRAMEWORKS_FOLDER_PATH}/SwiftyColor.framework",
				"${TARGET_BUILD_DIR}/${FRAMEWORKS_FOLDER_PATH}/SwiftyImage.framework",
				"${TARGET_BUILD_DIR}/${FRAMEWORKS_FOLDER_PATH}/Then.framework",
				"${TARGET_BUILD_DIR}/${FRAMEWORKS_FOLDER_PATH}/UITextView_Placeholder.framework",
			);
			runOnlyForDeploymentPostprocessing = 0;
			shellPath = /bin/sh;
			shellScript = "\"${SRCROOT}/Pods/Target Support Files/Pods-RxKeyboardExample/Pods-RxKeyboardExample-frameworks.sh\"\n";
			showEnvVarsInLog = 0;
		};
/* End PBXShellScriptBuildPhase section */

/* Begin PBXSourcesBuildPhase section */
		03E8A71A1E35A95B00F7A3EC /* Sources */ = {
			isa = PBXSourcesBuildPhase;
			buildActionMask = 2147483647;
			files = (
				032ABB8C1E35A9F200A3A5D4 /* AppDelegate.swift in Sources */,
				032ABB901E35A9F200A3A5D4 /* MessageCell.swift in Sources */,
				032ABB8D1E35A9F200A3A5D4 /* Message.swift in Sources */,
				032ABB8F1E35A9F200A3A5D4 /* MessageListViewController.swift in Sources */,
				032ABB911E35A9F200A3A5D4 /* MessageInputBar.swift in Sources */,
				032ABB8E1E35A9F200A3A5D4 /* User.swift in Sources */,
			);
			runOnlyForDeploymentPostprocessing = 0;
		};
/* End PBXSourcesBuildPhase section */

/* Begin PBXVariantGroup section */
		032ABB7C1E35A9F200A3A5D4 /* LaunchScreen.storyboard */ = {
			isa = PBXVariantGroup;
			children = (
				032ABB7D1E35A9F200A3A5D4 /* Base */,
			);
			name = LaunchScreen.storyboard;
			sourceTree = "<group>";
		};
/* End PBXVariantGroup section */

/* Begin XCBuildConfiguration section */
		03E8A72E1E35A95B00F7A3EC /* Debug */ = {
			isa = XCBuildConfiguration;
			buildSettings = {
				ALWAYS_SEARCH_USER_PATHS = NO;
				CLANG_ANALYZER_NONNULL = YES;
				CLANG_CXX_LANGUAGE_STANDARD = "gnu++0x";
				CLANG_CXX_LIBRARY = "libc++";
				CLANG_ENABLE_MODULES = YES;
				CLANG_ENABLE_OBJC_ARC = YES;
				CLANG_WARN_BLOCK_CAPTURE_AUTORELEASING = YES;
				CLANG_WARN_BOOL_CONVERSION = YES;
				CLANG_WARN_COMMA = YES;
				CLANG_WARN_CONSTANT_CONVERSION = YES;
				CLANG_WARN_DIRECT_OBJC_ISA_USAGE = YES_ERROR;
				CLANG_WARN_DOCUMENTATION_COMMENTS = YES;
				CLANG_WARN_EMPTY_BODY = YES;
				CLANG_WARN_ENUM_CONVERSION = YES;
				CLANG_WARN_INFINITE_RECURSION = YES;
				CLANG_WARN_INT_CONVERSION = YES;
				CLANG_WARN_NON_LITERAL_NULL_CONVERSION = YES;
				CLANG_WARN_OBJC_LITERAL_CONVERSION = YES;
				CLANG_WARN_OBJC_ROOT_CLASS = YES_ERROR;
				CLANG_WARN_RANGE_LOOP_ANALYSIS = YES;
				CLANG_WARN_STRICT_PROTOTYPES = YES;
				CLANG_WARN_SUSPICIOUS_MOVE = YES;
				CLANG_WARN_UNREACHABLE_CODE = YES;
				CLANG_WARN__DUPLICATE_METHOD_MATCH = YES;
				"CODE_SIGN_IDENTITY[sdk=iphoneos*]" = "iPhone Developer";
				COPY_PHASE_STRIP = NO;
				DEBUG_INFORMATION_FORMAT = dwarf;
				ENABLE_STRICT_OBJC_MSGSEND = YES;
				ENABLE_TESTABILITY = YES;
				GCC_C_LANGUAGE_STANDARD = gnu99;
				GCC_DYNAMIC_NO_PIC = NO;
				GCC_NO_COMMON_BLOCKS = YES;
				GCC_OPTIMIZATION_LEVEL = 0;
				GCC_PREPROCESSOR_DEFINITIONS = (
					"DEBUG=1",
					"$(inherited)",
				);
				GCC_WARN_64_TO_32_BIT_CONVERSION = YES;
				GCC_WARN_ABOUT_RETURN_TYPE = YES_ERROR;
				GCC_WARN_UNDECLARED_SELECTOR = YES;
				GCC_WARN_UNINITIALIZED_AUTOS = YES_AGGRESSIVE;
				GCC_WARN_UNUSED_FUNCTION = YES;
				GCC_WARN_UNUSED_VARIABLE = YES;
				IPHONEOS_DEPLOYMENT_TARGET = 10.2;
				MTL_ENABLE_DEBUG_INFO = YES;
				ONLY_ACTIVE_ARCH = YES;
				SDKROOT = iphoneos;
				SWIFT_ACTIVE_COMPILATION_CONDITIONS = DEBUG;
				SWIFT_OPTIMIZATION_LEVEL = "-Onone";
				SWIFT_VERSION = 4.0;
			};
			name = Debug;
		};
		03E8A72F1E35A95B00F7A3EC /* Release */ = {
			isa = XCBuildConfiguration;
			buildSettings = {
				ALWAYS_SEARCH_USER_PATHS = NO;
				CLANG_ANALYZER_NONNULL = YES;
				CLANG_CXX_LANGUAGE_STANDARD = "gnu++0x";
				CLANG_CXX_LIBRARY = "libc++";
				CLANG_ENABLE_MODULES = YES;
				CLANG_ENABLE_OBJC_ARC = YES;
				CLANG_WARN_BLOCK_CAPTURE_AUTORELEASING = YES;
				CLANG_WARN_BOOL_CONVERSION = YES;
				CLANG_WARN_COMMA = YES;
				CLANG_WARN_CONSTANT_CONVERSION = YES;
				CLANG_WARN_DIRECT_OBJC_ISA_USAGE = YES_ERROR;
				CLANG_WARN_DOCUMENTATION_COMMENTS = YES;
				CLANG_WARN_EMPTY_BODY = YES;
				CLANG_WARN_ENUM_CONVERSION = YES;
				CLANG_WARN_INFINITE_RECURSION = YES;
				CLANG_WARN_INT_CONVERSION = YES;
				CLANG_WARN_NON_LITERAL_NULL_CONVERSION = YES;
				CLANG_WARN_OBJC_LITERAL_CONVERSION = YES;
				CLANG_WARN_OBJC_ROOT_CLASS = YES_ERROR;
				CLANG_WARN_RANGE_LOOP_ANALYSIS = YES;
				CLANG_WARN_STRICT_PROTOTYPES = YES;
				CLANG_WARN_SUSPICIOUS_MOVE = YES;
				CLANG_WARN_UNREACHABLE_CODE = YES;
				CLANG_WARN__DUPLICATE_METHOD_MATCH = YES;
				"CODE_SIGN_IDENTITY[sdk=iphoneos*]" = "iPhone Developer";
				COPY_PHASE_STRIP = NO;
				DEBUG_INFORMATION_FORMAT = "dwarf-with-dsym";
				ENABLE_NS_ASSERTIONS = NO;
				ENABLE_STRICT_OBJC_MSGSEND = YES;
				GCC_C_LANGUAGE_STANDARD = gnu99;
				GCC_NO_COMMON_BLOCKS = YES;
				GCC_WARN_64_TO_32_BIT_CONVERSION = YES;
				GCC_WARN_ABOUT_RETURN_TYPE = YES_ERROR;
				GCC_WARN_UNDECLARED_SELECTOR = YES;
				GCC_WARN_UNINITIALIZED_AUTOS = YES_AGGRESSIVE;
				GCC_WARN_UNUSED_FUNCTION = YES;
				GCC_WARN_UNUSED_VARIABLE = YES;
				IPHONEOS_DEPLOYMENT_TARGET = 10.2;
				MTL_ENABLE_DEBUG_INFO = NO;
				SDKROOT = iphoneos;
				SWIFT_OPTIMIZATION_LEVEL = "-Owholemodule";
				SWIFT_VERSION = 4.0;
				VALIDATE_PRODUCT = YES;
			};
			name = Release;
		};
		03E8A7311E35A95B00F7A3EC /* Debug */ = {
			isa = XCBuildConfiguration;
			baseConfigurationReference = FF066ACB76646CE5837B517B /* Pods-RxKeyboardExample.debug.xcconfig */;
			buildSettings = {
				ASSETCATALOG_COMPILER_APPICON_NAME = AppIcon;
				INFOPLIST_FILE = "$(SRCROOT)/Supporting Files/Info.plist";
				LD_RUNPATH_SEARCH_PATHS = "$(inherited) @executable_path/Frameworks";
				PRODUCT_BUNDLE_IDENTIFIER = kr.xoul.RxKeyboardExample;
				PRODUCT_NAME = RxKeyboardRxKeyboardExample;
			};
			name = Debug;
		};
		03E8A7321E35A95B00F7A3EC /* Release */ = {
			isa = XCBuildConfiguration;
			baseConfigurationReference = C2DC646E6858079F25D2BFF4 /* Pods-RxKeyboardExample.release.xcconfig */;
			buildSettings = {
				ASSETCATALOG_COMPILER_APPICON_NAME = AppIcon;
				INFOPLIST_FILE = "$(SRCROOT)/Supporting Files/Info.plist";
				LD_RUNPATH_SEARCH_PATHS = "$(inherited) @executable_path/Frameworks";
				PRODUCT_BUNDLE_IDENTIFIER = kr.xoul.RxKeyboardExample;
				PRODUCT_NAME = RxKeyboardRxKeyboardExample;
			};
			name = Release;
		};
/* End XCBuildConfiguration section */

/* Begin XCConfigurationList section */
		03E8A7191E35A95B00F7A3EC /* Build configuration list for PBXProject "RxKeyboardExample" */ = {
			isa = XCConfigurationList;
			buildConfigurations = (
				03E8A72E1E35A95B00F7A3EC /* Debug */,
				03E8A72F1E35A95B00F7A3EC /* Release */,
			);
			defaultConfigurationIsVisible = 0;
			defaultConfigurationName = Release;
		};
		03E8A7301E35A95B00F7A3EC /* Build configuration list for PBXNativeTarget "RxKeyboardExample" */ = {
			isa = XCConfigurationList;
			buildConfigurations = (
				03E8A7311E35A95B00F7A3EC /* Debug */,
				03E8A7321E35A95B00F7A3EC /* Release */,
			);
			defaultConfigurationIsVisible = 0;
			defaultConfigurationName = Release;
		};
/* End XCConfigurationList section */
	};
	rootObject = 03E8A7161E35A95B00F7A3EC /* Project object */;
}
