PODS:
  - CGFloatLiteral (0.5.0)
  - ManualLayout (1.3.0)
  - ReusableKit (3.0.0):
    - ReusableKit/Core (= 3.0.0)
  - ReusableKit/Core (3.0.0)
  - RxCocoa (6.0.0):
    - RxRelay (= 6.0.0)
    - RxSwift (= 6.0.0)
  - RxKeyboard (2.0.0):
    - RxCocoa (~> 6.0)
    - RxSwift (~> 6.0)
  - RxRelay (6.0.0):
    - RxSwift (= 6.0.0)
  - RxSwift (6.0.0)
  - SnapKit (5.0.1)
  - SwiftyColor (1.2.1)
  - SwiftyImage (1.6.0)
  - Then (2.7.0)
  - "UITextView+Placeholder (1.4.0)"

DEPENDENCIES:
  - CGFloatLiteral
  - ManualLayout
  - ReusableKit
  - RxKeyboard (from `../`)
  - SnapKit
  - SwiftyColor
  - SwiftyImage
  - Then
  - "UITextView+Placeholder"

SPEC REPOS:
  trunk:
    - CGFloatLiteral
    - ManualLayout
    - ReusableKit
    - RxCocoa
    - RxRelay
    - RxSwift
    - SnapKit
    - SwiftyColor
    - SwiftyImage
    - Then
    - "UITextView+Placeholder"

EXTERNAL SOURCES:
  RxKeyboard:
    :path: "../"

SPEC CHECKSUMS:
  CGFloatLiteral: 0328648f666e3cb2263d5ee3972df9d320786d25
  ManualLayout: 68ac8cfa6b5f656f7a9fadec3730208b95986880
  ReusableKit: e5f853ad4652e411f96b6119b2488afa12929be6
  RxCocoa: 3f79328fafa3645b34600f37c31e64c73ae3a80e
  RxKeyboard: aefd4787ca8be28a4470cb871141fb50e105f900
  RxRelay: 8d593be109c06ea850df027351beba614b012ffb
  RxSwift: c14e798c59b9f6e9a2df8fd235602e85cc044295
  SnapKit: 97b92857e3df3a0c71833cce143274bf6ef8e5eb
  SwiftyColor: a2f468071c1b96be1ba41a0be7cf70d645cd7dcc
  SwiftyImage: 65c71a147f417fc0fe137d17b135aaa666279a09
  Then: acfe0be7e98221c6204e12f8161459606d5d822d
  "UITextView+Placeholder": d7b0c400921f66523f3a85d74f774512e14f6502

PODFILE CHECKSUM: 217b0b1c7b2faddc54272a5bde63843c54f48190

COCOAPODS: 1.10.0
