PODS:
  - CGFloatLiteral (0.3.0)
  - ManualLayout (1.3.0)
  - ReusableKit (1.3.0):
    - ReusableKit/Core (= 1.3.0)
    - ReusableKit/RxSwift (= 1.3.0)
  - ReusableKit/Core (1.3.0)
  - ReusableKit/RxSwift (1.3.0):
    - ReusableKit/Core
    - RxCocoa (>= 3.4)
    - RxSwift (>= 3.4)
  - RxCocoa (4.0.0-beta.0):
    - RxSwift (~> 4.0.0-beta.0)
  - RxKeyboard (0.7.0):
    - RxCocoa (~> 4.0.0-beta.0)
    - RxSwift (~> 4.0.0-beta.0)
  - RxSwift (4.0.0-beta.0)
  - SnapKit (4.0.0)
  - SwiftyColor (1.0.0)
  - SwiftyImage (1.2.0)
  - Then (2.1.1)
  - UITextView+Placeholder (1.2.0)

DEPENDENCIES:
  - CGFloatLiteral
  - ManualLayout
  - ReusableKit
  - RxKeyboard (from `../`)
  - SnapKit
  - SwiftyColor
  - SwiftyImage
  - Then
  - UITextView+Placeholder

EXTERNAL SOURCES:
  RxKeyboard:
    :path: ../

SPEC CHECKSUMS:
  CGFloatLiteral: faba125ab2bb8fa90142c414f876b83099c26f25
  ManualLayout: 68ac8cfa6b5f656f7a9fadec3730208b95986880
  ReusableKit: 4e4f45128985987555bde17abbf261c0a604f9f2
  RxCocoa: 8d809675f4e89c5c4c5a6900bbd11fe632ad5d86
  RxKeyboard: 47be2ee793a7fd39e683b8ac86c610c02f5e49b5
  RxSwift: e0899fae37065c16db976cc5e3c957e4e388869c
  SnapKit: a42d492c16e80209130a3379f73596c3454b7694
  SwiftyColor: 7fa09db14051bc5d7f539e1c4576665975225992
  SwiftyImage: ebaa7c7b6163cd4ad102f3bb05a8fb276d35b4f3
  Then: 823a7503a851737269ba8d40e688b4db874dbd2d
  UITextView+Placeholder: 77680995fcdd07c3f52ec92fe1150874a2ac89ff

PODFILE CHECKSUM: 49cf5def62bcfa2dfbe0c5118a9372a4162ec992

COCOAPODS: 1.3.1
