{
  "object": {
    "pins": [
      {
        "package": "RxSwift",
        "repositoryURL": "https://github.com/ReactiveX/RxSwift.git",
        "state": {
          "branch": null,
          "revision": "16ea4bde86b386e5758aaf14c3f229f315f275bf",
          "version": "4.3.0"
        }
      }
    ]
  },
  "version": 1
}
