PODS:
  - RxCocoa (3.1.0):
    - RxSwift (~> 3.1)
  - RxSwift (3.1.0)
  - Then (2.1.0)
  - UITextView+Placeholder (1.2.0)

DEPENDENCIES:
  - RxCocoa (>= 3.0)
  - RxSwift (>= 3.0)
  - Then (~> 2.0)
  - UITextView+Placeholder (~> 1.2)

SPEC CHECKSUMS:
  RxCocoa: 50d7564866da9299161e86a263ce12a0873904d8
  RxSwift: 83ff553e7593fdfdcb2562933a64c0284dffdadc
  Then: 8496793c8fcac95482b943909b440724c7d8d82c
  UITextView+Placeholder: 77680995fcdd07c3f52ec92fe1150874a2ac89ff

PODFILE CHECKSUM: 1e89b190ef8aa8b8b99971927895315e490fd802

COCOAPODS: 1.1.1
