// !$*UTF8*$!
{
	archiveVersion = 1;
	classes = {
	};
	objectVersion = 46;
	objects = {

/* Begin PBXBuildFile section */
		0310C6741DA9525200BDA512 /* RxKeyboard.h in Headers */ = {isa = PBXBuildFile; fileRef = 0310C6711DA9525200BDA512 /* RxKeyboard.h */; settings = {ATTRIBUTES = (Public, ); }; };
		0310C6771DA9535200BDA512 /* RxKeyboard.swift in Sources */ = {isa = PBXBuildFile; fileRef = 0310C6761DA9535200BDA512 /* RxKeyboard.swift */; };
		03CE448E1E35AAE5006DD6E9 /* RxCocoa.framework in Frameworks */ = {isa = PBXBuildFile; fileRef = 034E7CA31DAD548900CFC398 /* RxCocoa.framework */; };
		03CE448F1E35AAE5006DD6E9 /* RxSwift.framework in Frameworks */ = {isa = PBXBuildFile; fileRef = 034E7CA41DAD548900CFC398 /* RxSwift.framework */; };
/* End PBXBuildFile section */

/* Begin PBXFileReference section */
		0310C6711DA9525200BDA512 /* RxKeyboard.h */ = {isa = PBXFileReference; fileEncoding = 4; lastKnownFileType = sourcecode.c.h; path = RxKeyboard.h; sourceTree = "<group>"; };
		0310C6731DA9525200BDA512 /* Info.plist */ = {isa = PBXFileReference; fileEncoding = 4; lastKnownFileType = text.plist.xml; path = Info.plist; sourceTree = "<group>"; };
		0310C6761DA9535200BDA512 /* RxKeyboard.swift */ = {isa = PBXFileReference; fileEncoding = 4; lastKnownFileType = sourcecode.swift; path = RxKeyboard.swift; sourceTree = "<group>"; };
		034E7CA21DAD548900CFC398 /* RxBlocking.framework */ = {isa = PBXFileReference; lastKnownFileType = wrapper.framework; name = RxBlocking.framework; path = "RxBlocking.framework"; sourceTree = BUILT_PRODUCTS_DIR; };
		034E7CA31DAD548900CFC398 /* RxCocoa.framework */ = {isa = PBXFileReference; lastKnownFileType = wrapper.framework; name = RxCocoa.framework; path = "RxCocoa.framework"; sourceTree = BUILT_PRODUCTS_DIR; };
		034E7CA41DAD548900CFC398 /* RxSwift.framework */ = {isa = PBXFileReference; lastKnownFileType = wrapper.framework; name = RxSwift.framework; path = "RxSwift.framework"; sourceTree = BUILT_PRODUCTS_DIR; };
		034E7CA51DAD548900CFC398 /* RxTests.framework */ = {isa = PBXFileReference; lastKnownFileType = wrapper.framework; name = RxTests.framework; path = "RxTests.framework"; sourceTree = BUILT_PRODUCTS_DIR; };
		03A258CB1DA94EC50035A85B /* RxKeyboard.framework */ = {isa = PBXFileReference; explicitFileType = wrapper.framework; includeInIndex = 0; path = RxKeyboard.framework; sourceTree = BUILT_PRODUCTS_DIR; };
/* End PBXFileReference section */

/* Begin PBXFrameworksBuildPhase section */
		03A258C71DA94EC50035A85B /* Frameworks */ = {
			isa = PBXFrameworksBuildPhase;
			buildActionMask = 2147483647;
			files = (
				03CE448E1E35AAE5006DD6E9 /* RxCocoa.framework in Frameworks */,
				03CE448F1E35AAE5006DD6E9 /* RxSwift.framework in Frameworks */,
			);
			runOnlyForDeploymentPostprocessing = 0;
		};
/* End PBXFrameworksBuildPhase section */

/* Begin PBXGroup section */
		0310C6701DA9525200BDA512 /* Sources */ = {
			isa = PBXGroup;
			children = (
				0310C6711DA9525200BDA512 /* RxKeyboard.h */,
				0310C6761DA9535200BDA512 /* RxKeyboard.swift */,
			);
			path = Sources;
			sourceTree = "<group>";
		};
		0310C6721DA9525200BDA512 /* Supporting Files */ = {
			isa = PBXGroup;
			children = (
				0310C6731DA9525200BDA512 /* Info.plist */,
			);
			path = "Supporting Files";
			sourceTree = "<group>";
		};
		03A258C11DA94EC50035A85B = {
			isa = PBXGroup;
			children = (
				0310C6701DA9525200BDA512 /* Sources */,
				0310C6721DA9525200BDA512 /* Supporting Files */,
				03A258CC1DA94EC50035A85B /* Products */,
				221051FE9374C6EEB61B3418 /* Frameworks */,
			);
			sourceTree = "<group>";
		};
		03A258CC1DA94EC50035A85B /* Products */ = {
			isa = PBXGroup;
			children = (
				03A258CB1DA94EC50035A85B /* RxKeyboard.framework */,
			);
			name = Products;
			sourceTree = "<group>";
		};
		221051FE9374C6EEB61B3418 /* Frameworks */ = {
			isa = PBXGroup;
			children = (
				034E7CA21DAD548900CFC398 /* RxBlocking.framework */,
				034E7CA31DAD548900CFC398 /* RxCocoa.framework */,
				034E7CA41DAD548900CFC398 /* RxSwift.framework */,
				034E7CA51DAD548900CFC398 /* RxTests.framework */,
			);
			name = Frameworks;
			sourceTree = "<group>";
		};
/* End PBXGroup section */

/* Begin PBXHeadersBuildPhase section */
		03A258C81DA94EC50035A85B /* Headers */ = {
			isa = PBXHeadersBuildPhase;
			buildActionMask = 2147483647;
			files = (
				0310C6741DA9525200BDA512 /* RxKeyboard.h in Headers */,
			);
			runOnlyForDeploymentPostprocessing = 0;
		};
/* End PBXHeadersBuildPhase section */

/* Begin PBXNativeTarget section */
		03A258CA1DA94EC50035A85B /* RxKeyboard */ = {
			isa = PBXNativeTarget;
			buildConfigurationList = 03A258D31DA94EC50035A85B /* Build configuration list for PBXNativeTarget "RxKeyboard" */;
			buildPhases = (
				03A258C61DA94EC50035A85B /* Sources */,
				03A258C71DA94EC50035A85B /* Frameworks */,
				03A258C81DA94EC50035A85B /* Headers */,
				03A258C91DA94EC50035A85B /* Resources */,
			);
			buildRules = (
			);
			dependencies = (
			);
			name = RxKeyboard;
			productName = RxKeyboard;
			productReference = 03A258CB1DA94EC50035A85B /* RxKeyboard.framework */;
			productType = "com.apple.product-type.framework";
		};
/* End PBXNativeTarget section */

/* Begin PBXProject section */
		03A258C21DA94EC50035A85B /* Project object */ = {
			isa = PBXProject;
			attributes = {
				LastSwiftUpdateCheck = 0800;
				LastUpgradeCheck = 0820;
				ORGANIZATIONNAME = "Suyeol Jeon";
				TargetAttributes = {
					03A258CA1DA94EC50035A85B = {
						CreatedOnToolsVersion = 8.0;
						DevelopmentTeam = N2C267LBVY;
						LastSwiftMigration = 0800;
						ProvisioningStyle = Automatic;
					};
				};
			};
			buildConfigurationList = 03A258C51DA94EC50035A85B /* Build configuration list for PBXProject "RxKeyboard" */;
			compatibilityVersion = "Xcode 3.2";
			developmentRegion = English;
			hasScannedForEncodings = 0;
			knownRegions = (
				en,
				Base,
			);
			mainGroup = 03A258C11DA94EC50035A85B;
			productRefGroup = 03A258CC1DA94EC50035A85B /* Products */;
			projectDirPath = "";
			projectRoot = "";
			targets = (
				03A258CA1DA94EC50035A85B /* RxKeyboard */,
			);
		};
/* End PBXProject section */

/* Begin PBXResourcesBuildPhase section */
		03A258C91DA94EC50035A85B /* Resources */ = {
			isa = PBXResourcesBuildPhase;
			buildActionMask = 2147483647;
			files = (
			);
			runOnlyForDeploymentPostprocessing = 0;
		};
/* End PBXResourcesBuildPhase section */

/* Begin PBXSourcesBuildPhase section */
		03A258C61DA94EC50035A85B /* Sources */ = {
			isa = PBXSourcesBuildPhase;
			buildActionMask = 2147483647;
			files = (
				0310C6771DA9535200BDA512 /* RxKeyboard.swift in Sources */,
			);
			runOnlyForDeploymentPostprocessing = 0;
		};
/* End PBXSourcesBuildPhase section */

/* Begin XCBuildConfiguration section */
		03A258D11DA94EC50035A85B /* Debug */ = {
			isa = XCBuildConfiguration;
			buildSettings = {
				ALWAYS_SEARCH_USER_PATHS = NO;
				CLANG_ANALYZER_NONNULL = YES;
				CLANG_CXX_LANGUAGE_STANDARD = "gnu++0x";
				CLANG_CXX_LIBRARY = "libc++";
				CLANG_ENABLE_MODULES = YES;
				CLANG_ENABLE_OBJC_ARC = YES;
				CLANG_WARN_BOOL_CONVERSION = YES;
				CLANG_WARN_CONSTANT_CONVERSION = YES;
				CLANG_WARN_DIRECT_OBJC_ISA_USAGE = YES_ERROR;
				CLANG_WARN_DOCUMENTATION_COMMENTS = YES;
				CLANG_WARN_EMPTY_BODY = YES;
				CLANG_WARN_ENUM_CONVERSION = YES;
				CLANG_WARN_INFINITE_RECURSION = YES;
				CLANG_WARN_INT_CONVERSION = YES;
				CLANG_WARN_OBJC_ROOT_CLASS = YES_ERROR;
				CLANG_WARN_SUSPICIOUS_MOVE = YES;
				CLANG_WARN_SUSPICIOUS_MOVES = YES;
				CLANG_WARN_UNREACHABLE_CODE = YES;
				CLANG_WARN__DUPLICATE_METHOD_MATCH = YES;
				"CODE_SIGN_IDENTITY[sdk=iphoneos*]" = "iPhone Developer";
				COPY_PHASE_STRIP = NO;
				CURRENT_PROJECT_VERSION = 1;
				DEBUG_INFORMATION_FORMAT = dwarf;
				ENABLE_STRICT_OBJC_MSGSEND = YES;
				ENABLE_TESTABILITY = YES;
				GCC_C_LANGUAGE_STANDARD = gnu99;
				GCC_DYNAMIC_NO_PIC = NO;
				GCC_NO_COMMON_BLOCKS = YES;
				GCC_OPTIMIZATION_LEVEL = 0;
				GCC_PREPROCESSOR_DEFINITIONS = (
					"DEBUG=1",
					"$(inherited)",
				);
				GCC_WARN_64_TO_32_BIT_CONVERSION = YES;
				GCC_WARN_ABOUT_RETURN_TYPE = YES_ERROR;
				GCC_WARN_UNDECLARED_SELECTOR = YES;
				GCC_WARN_UNINITIALIZED_AUTOS = YES_AGGRESSIVE;
				GCC_WARN_UNUSED_FUNCTION = YES;
				GCC_WARN_UNUSED_VARIABLE = YES;
				IPHONEOS_DEPLOYMENT_TARGET = 8.0;
				MTL_ENABLE_DEBUG_INFO = YES;
				ONLY_ACTIVE_ARCH = YES;
				SDKROOT = iphoneos;
				SWIFT_ACTIVE_COMPILATION_CONDITIONS = DEBUG;
				SWIFT_OPTIMIZATION_LEVEL = "-Onone";
				TARGETED_DEVICE_FAMILY = "1,2";
				VERSIONING_SYSTEM = "apple-generic";
				VERSION_INFO_PREFIX = "";
			};
			name = Debug;
		};
		03A258D21DA94EC50035A85B /* Release */ = {
			isa = XCBuildConfiguration;
			buildSettings = {
				ALWAYS_SEARCH_USER_PATHS = NO;
				CLANG_ANALYZER_NONNULL = YES;
				CLANG_CXX_LANGUAGE_STANDARD = "gnu++0x";
				CLANG_CXX_LIBRARY = "libc++";
				CLANG_ENABLE_MODULES = YES;
				CLANG_ENABLE_OBJC_ARC = YES;
				CLANG_WARN_BOOL_CONVERSION = YES;
				CLANG_WARN_CONSTANT_CONVERSION = YES;
				CLANG_WARN_DIRECT_OBJC_ISA_USAGE = YES_ERROR;
				CLANG_WARN_DOCUMENTATION_COMMENTS = YES;
				CLANG_WARN_EMPTY_BODY = YES;
				CLANG_WARN_ENUM_CONVERSION = YES;
				CLANG_WARN_INFINITE_RECURSION = YES;
				CLANG_WARN_INT_CONVERSION = YES;
				CLANG_WARN_OBJC_ROOT_CLASS = YES_ERROR;
				CLANG_WARN_SUSPICIOUS_MOVE = YES;
				CLANG_WARN_SUSPICIOUS_MOVES = YES;
				CLANG_WARN_UNREACHABLE_CODE = YES;
				CLANG_WARN__DUPLICATE_METHOD_MATCH = YES;
				"CODE_SIGN_IDENTITY[sdk=iphoneos*]" = "iPhone Developer";
				COPY_PHASE_STRIP = NO;
				CURRENT_PROJECT_VERSION = 1;
				DEBUG_INFORMATION_FORMAT = "dwarf-with-dsym";
				ENABLE_NS_ASSERTIONS = NO;
				ENABLE_STRICT_OBJC_MSGSEND = YES;
				GCC_C_LANGUAGE_STANDARD = gnu99;
				GCC_NO_COMMON_BLOCKS = YES;
				GCC_WARN_64_TO_32_BIT_CONVERSION = YES;
				GCC_WARN_ABOUT_RETURN_TYPE = YES_ERROR;
				GCC_WARN_UNDECLARED_SELECTOR = YES;
				GCC_WARN_UNINITIALIZED_AUTOS = YES_AGGRESSIVE;
				GCC_WARN_UNUSED_FUNCTION = YES;
				GCC_WARN_UNUSED_VARIABLE = YES;
				IPHONEOS_DEPLOYMENT_TARGET = 8.0;
				MTL_ENABLE_DEBUG_INFO = NO;
				SDKROOT = iphoneos;
				SWIFT_OPTIMIZATION_LEVEL = "-Owholemodule";
				TARGETED_DEVICE_FAMILY = "1,2";
				VALIDATE_PRODUCT = YES;
				VERSIONING_SYSTEM = "apple-generic";
				VERSION_INFO_PREFIX = "";
			};
			name = Release;
		};
		03A258D41DA94EC50035A85B /* Debug */ = {
			isa = XCBuildConfiguration;
			buildSettings = {
				CLANG_ENABLE_MODULES = YES;
				CODE_SIGN_IDENTITY = "";
				DEFINES_MODULE = YES;
				DEVELOPMENT_TEAM = N2C267LBVY;
				DYLIB_COMPATIBILITY_VERSION = 1;
				DYLIB_CURRENT_VERSION = 1;
				DYLIB_INSTALL_NAME_BASE = "@rpath";
				INFOPLIST_FILE = "$(SRCROOT)/Supporting Files/Info.plist";
				INSTALL_PATH = "$(LOCAL_LIBRARY_DIR)/Frameworks";
				LD_RUNPATH_SEARCH_PATHS = "$(inherited) @executable_path/Frameworks @loader_path/Frameworks";
				PRODUCT_BUNDLE_IDENTIFIER = kr.xoul.RxKeyboard;
				PRODUCT_NAME = "$(TARGET_NAME)";
				SKIP_INSTALL = YES;
				SWIFT_OPTIMIZATION_LEVEL = "-Onone";
				SWIFT_VERSION = 3.0;
			};
			name = Debug;
		};
		03A258D51DA94EC50035A85B /* Release */ = {
			isa = XCBuildConfiguration;
			buildSettings = {
				CLANG_ENABLE_MODULES = YES;
				CODE_SIGN_IDENTITY = "";
				DEFINES_MODULE = YES;
				DEVELOPMENT_TEAM = N2C267LBVY;
				DYLIB_COMPATIBILITY_VERSION = 1;
				DYLIB_CURRENT_VERSION = 1;
				DYLIB_INSTALL_NAME_BASE = "@rpath";
				INFOPLIST_FILE = "$(SRCROOT)/Supporting Files/Info.plist";
				INSTALL_PATH = "$(LOCAL_LIBRARY_DIR)/Frameworks";
				LD_RUNPATH_SEARCH_PATHS = "$(inherited) @executable_path/Frameworks @loader_path/Frameworks";
				PRODUCT_BUNDLE_IDENTIFIER = kr.xoul.RxKeyboard;
				PRODUCT_NAME = "$(TARGET_NAME)";
				SKIP_INSTALL = YES;
				SWIFT_VERSION = 3.0;
			};
			name = Release;
		};
/* End XCBuildConfiguration section */

/* Begin XCConfigurationList section */
		03A258C51DA94EC50035A85B /* Build configuration list for PBXProject "RxKeyboard" */ = {
			isa = XCConfigurationList;
			buildConfigurations = (
				03A258D11DA94EC50035A85B /* Debug */,
				03A258D21DA94EC50035A85B /* Release */,
			);
			defaultConfigurationIsVisible = 0;
			defaultConfigurationName = Release;
		};
		03A258D31DA94EC50035A85B /* Build configuration list for PBXNativeTarget "RxKeyboard" */ = {
			isa = XCConfigurationList;
			buildConfigurations = (
				03A258D41DA94EC50035A85B /* Debug */,
				03A258D51DA94EC50035A85B /* Release */,
			);
			defaultConfigurationIsVisible = 0;
			defaultConfigurationName = Release;
		};
/* End XCConfigurationList section */
	};
	rootObject = 03A258C21DA94EC50035A85B /* Project object */;
}
